
Microsoft Visual Studio Solution File, Format Version 12.00
# Visual Studio 15
VisualStudioVersion = 15.0.28010.2036
MinimumVisualStudioVersion = 10.0.40219.1
Project("{FAE04EC0-301F-11D3-BF4B-00C04F79EFBC}") = "MatchingPairsGame", "MatchingPairsGame\MatchingPairsGame.csproj", "{46EDED2E-2183-46A5-A265-9B39B266FF7D}"
EndProject
Global
	GlobalSection(SolutionConfigurationPlatforms) = preSolution
		Debug|Any CPU = Debug|Any CPU
		Release|Any CPU = Release|Any CPU
	EndGlobalSection
	GlobalSection(ProjectConfigurationPlatforms) = postSolution
		{46EDED2E-2183-46A5-A265-9B39B266FF7D}.Debug|Any CPU.ActiveCfg = Debug|Any CPU
		{46EDED2E-2183-46A5-A265-9B39B266FF7D}.Debug|Any CPU.Build.0 = Debug|Any CPU
		{46EDED2E-2183-46A5-A265-9B39B266FF7D}.Release|Any CPU.ActiveCfg = Release|Any CPU
		{46EDED2E-2183-46A5-A265-9B39B266FF7D}.Release|Any CPU.Build.0 = Release|Any CPU
	EndGlobalSection
	GlobalSection(SolutionProperties) = preSolution
		HideSolutionNode = FALSE
	EndGlobalSection
	GlobalSection(ExtensibilityGlobals) = postSolution
		SolutionGuid = {E432502D-C344-4F8D-82A3-4B9A8324C010}
	EndGlobalSection
EndGlobal
